
Microsoft Visual Studio Solution File, Format Version 12.00
# Visual Studio Version 17
VisualStudioVersion = 17.11.35303.130
MinimumVisualStudioVersion = 10.0.40219.1
Project("{FAE04EC0-301F-11D3-BF4B-00C04F79EFBC}") = "GUI", "GUI\GUI.csproj", "{80768CDC-E781-4803-9330-0483432D8285}"
EndProject
Project("{FAE04EC0-301F-11D3-BF4B-00C04F79EFBC}") = "BUS", "BUS\BUS.csproj", "{2EA7EA8E-D2A8-442F-97EA-0464F5C3DF8B}"
EndProject
Project("{FAE04EC0-301F-11D3-BF4B-00C04F79EFBC}") = "DAO", "DAO\DAO.csproj", "{0A9147EA-B7A8-4F3A-A029-4B5144145798}"
EndProject
Project("{FAE04EC0-301F-11D3-BF4B-00C04F79EFBC}") = "DTO", "DTO\DTO.csproj", "{3C31DAC4-1ADC-40E3-A1F7-B9B8DE7B203F}"
EndProject
Global
	GlobalSection(SolutionConfigurationPlatforms) = preSolution
		Debug|Any CPU = Debug|Any CPU
		Release|Any CPU = Release|Any CPU
	EndGlobalSection
	GlobalSection(ProjectConfigurationPlatforms) = postSolution
		{80768CDC-E781-4803-9330-0483432D8285}.Debug|Any CPU.ActiveCfg = Debug|Any CPU
		{80768CDC-E781-4803-9330-0483432D8285}.Debug|Any CPU.Build.0 = Debug|Any CPU
		{80768CDC-E781-4803-9330-0483432D8285}.Release|Any CPU.ActiveCfg = Release|Any CPU
		{80768CDC-E781-4803-9330-0483432D8285}.Release|Any CPU.Build.0 = Release|Any CPU
		{2EA7EA8E-D2A8-442F-97EA-0464F5C3DF8B}.Debug|Any CPU.ActiveCfg = Debug|Any CPU
		{2EA7EA8E-D2A8-442F-97EA-0464F5C3DF8B}.Debug|Any CPU.Build.0 = Debug|Any CPU
		{2EA7EA8E-D2A8-442F-97EA-0464F5C3DF8B}.Release|Any CPU.ActiveCfg = Release|Any CPU
		{2EA7EA8E-D2A8-442F-97EA-0464F5C3DF8B}.Release|Any CPU.Build.0 = Release|Any CPU
		{0A9147EA-B7A8-4F3A-A029-4B5144145798}.Debug|Any CPU.ActiveCfg = Debug|Any CPU
		{0A9147EA-B7A8-4F3A-A029-4B5144145798}.Debug|Any CPU.Build.0 = Debug|Any CPU
		{0A9147EA-B7A8-4F3A-A029-4B5144145798}.Release|Any CPU.ActiveCfg = Release|Any CPU
		{0A9147EA-B7A8-4F3A-A029-4B5144145798}.Release|Any CPU.Build.0 = Release|Any CPU
		{3C31DAC4-1ADC-40E3-A1F7-B9B8DE7B203F}.Debug|Any CPU.ActiveCfg = Debug|Any CPU
		{3C31DAC4-1ADC-40E3-A1F7-B9B8DE7B203F}.Debug|Any CPU.Build.0 = Debug|Any CPU
		{3C31DAC4-1ADC-40E3-A1F7-B9B8DE7B203F}.Release|Any CPU.ActiveCfg = Release|Any CPU
		{3C31DAC4-1ADC-40E3-A1F7-B9B8DE7B203F}.Release|Any CPU.Build.0 = Release|Any CPU
	EndGlobalSection
	GlobalSection(SolutionProperties) = preSolution
		HideSolutionNode = FALSE
	EndGlobalSection
	GlobalSection(ExtensibilityGlobals) = postSolution
		SolutionGuid = {421DD657-ED79-48C6-BA48-B849FEEA0AEC}
	EndGlobalSection
EndGlobal
